
Microsoft Visual Studio Solution File, Format Version 12.00
# Visual Studio 15
VisualStudioVersion = 15.0.28307.1231
MinimumVisualStudioVersion = 10.0.40219.1
Project("{FAE04EC0-301F-11D3-BF4B-00C04F79EFBC}") = "MvcTatilSeyahat", "MvcTatilSeyahat\MvcTatilSeyahat.csproj", "{9EC0B055-C703-4FF4-BC2F-BB2549B26BFC}"
EndProject
Global
	GlobalSection(SolutionConfigurationPlatforms) = preSolution
		Debug|Any CPU = Debug|Any CPU
		Release|Any CPU = Release|Any CPU
	EndGlobalSection
	GlobalSection(ProjectConfigurationPlatforms) = postSolution
		{9EC0B055-C703-4FF4-BC2F-BB2549B26BFC}.Debug|Any CPU.ActiveCfg = Debug|Any CPU
		{9EC0B055-C703-4FF4-BC2F-BB2549B26BFC}.Debug|Any CPU.Build.0 = Debug|Any CPU
		{9EC0B055-C703-4FF4-BC2F-BB2549B26BFC}.Release|Any CPU.ActiveCfg = Release|Any CPU
		{9EC0B055-C703-4FF4-BC2F-BB2549B26BFC}.Release|Any CPU.Build.0 = Release|Any CPU
	EndGlobalSection
	GlobalSection(SolutionProperties) = preSolution
		HideSolutionNode = FALSE
	EndGlobalSection
	GlobalSection(ExtensibilityGlobals) = postSolution
		SolutionGuid = {B2ECD292-9820-414A-80C1-F590E3D699BF}
	EndGlobalSection
EndGlobal
